{
    "_readme": [
        "This file locks the dependencies of your project to a known state",
        "Read more about it at https://getcomposer.org/doc/01-basic-usage.md#installing-dependencies",
        "This file is @generated automatically"
    ],
    "content-hash": "51d9093ce49570208a49205f85b11b02",
    "packages": [
        {
            "name": "sitepilot/wp-theme",
            "version": "1.x-dev",
            "dist": {
                "type": "path",
                "url": "/home/captain/code/packages/wp-theme",
                "reference": "d9dff1f5795d12aecc41156200f6e1d15b994a19"
            },
            "require": {
                "php": "^7.4|^8.0"
            },
            "type": "library",
            "autoload": {
                "psr-4": {
                    "Sitepilot\\WpTheme\\": "src/"
                }
            },
            "license": [
                "GPL-3.0-or-later"
            ],
            "authors": [
                {
                    "name": "Nick Jansen",
                    "email": "n.jansen@sitepilot.io"
                }
            ],
            "description": "WordPress theme framework by Sitepilot.",
            "transport-options": {
                "relative": false
            }
        }
    ],
    "packages-dev": [],
    "aliases": [],
    "minimum-stability": "dev",
    "stability-flags": [],
    "prefer-stable": true,
    "prefer-lowest": false,
    "platform": {
        "php": "^7.4|^8.0"
    },
    "platform-dev": [],
    "plugin-api-version": "2.2.0"
}
